PODS:
  - Alamofire (5.7.1)
  - Kingfisher (7.6.2)
  - Moya (15.0.0):
    - Moya/Core (= 15.0.0)
  - Moya/Core (15.0.0):
    - Alamofire (~> 5.0)

DEPENDENCIES:
  - Kingfisher
  - Moya

SPEC REPOS:
  trunk:
    - Alamofire
    - Kingfisher
    - Moya

SPEC CHECKSUMS:
  Alamofire: 0123a34370cb170936ae79a8df46cc62b2edeb88
  Kingfisher: 6c5449c6450c5239166510ba04afe374a98afc4f
  Moya: 138f0573e53411fb3dc17016add0b748dfbd78ee

PODFILE CHECKSUM: 19ab41515fbe722e0eca7a444d991ad4da15bfd4

COCOAPODS: 1.12.1
